
Microsoft Visual Studio Solution File, Format Version 12.00
# Visual Studio Version 16
VisualStudioVersion = 16.0.31624.102
MinimumVisualStudioVersion = 10.0.40219.1
Project("{FAE04EC0-301F-11D3-BF4B-00C04F79EFBC}") = "EmployeeCRUD", "EmployeeCRUD\EmployeeCRUD.csproj", "{17F1A910-2B7F-45BB-AC75-50D2A78BA8C9}"
EndProject
Global
	GlobalSection(SolutionConfigurationPlatforms) = preSolution
		Debug|Any CPU = Debug|Any CPU
		Release|Any CPU = Release|Any CPU
	EndGlobalSection
	GlobalSection(ProjectConfigurationPlatforms) = postSolution
		{17F1A910-2B7F-45BB-AC75-50D2A78BA8C9}.Debug|Any CPU.ActiveCfg = Debug|Any CPU
		{17F1A910-2B7F-45BB-AC75-50D2A78BA8C9}.Debug|Any CPU.Build.0 = Debug|Any CPU
		{17F1A910-2B7F-45BB-AC75-50D2A78BA8C9}.Release|Any CPU.ActiveCfg = Release|Any CPU
		{17F1A910-2B7F-45BB-AC75-50D2A78BA8C9}.Release|Any CPU.Build.0 = Release|Any CPU
	EndGlobalSection
	GlobalSection(SolutionProperties) = preSolution
		HideSolutionNode = FALSE
	EndGlobalSection
	GlobalSection(ExtensibilityGlobals) = postSolution
		SolutionGuid = {F014AD4D-27E4-4B08-87FD-A04DA5BBFBAE}
	EndGlobalSection
EndGlobal
